
Microsoft Visual Studio Solution File, Format Version 12.00
# Visual Studio Version 16
VisualStudioVersion = 16.0.31624.102
MinimumVisualStudioVersion = 10.0.40219.1
Project("{FAE04EC0-301F-11D3-BF4B-00C04F79EFBC}") = "AutoHangerCreation_ButtonCreate", "AutoHangerCreation_ButtonCreate\AutoHangerCreation_ButtonCreate.csproj", "{539F798C-442E-4191-B57E-66133D76FC90}"
EndProject
Global
	GlobalSection(SolutionConfigurationPlatforms) = preSolution
		2019|Any CPU = 2019|Any CPU
		2021|Any CPU = 2021|Any CPU
		2023|Any CPU = 2023|Any CPU
		Debug|Any CPU = Debug|Any CPU
		Release|Any CPU = Release|Any CPU
	EndGlobalSection
	GlobalSection(ProjectConfigurationPlatforms) = postSolution
		{539F798C-442E-4191-B57E-66133D76FC90}.2019|Any CPU.ActiveCfg = 2019|Any CPU
		{539F798C-442E-4191-B57E-66133D76FC90}.2019|Any CPU.Build.0 = 2019|Any CPU
		{539F798C-442E-4191-B57E-66133D76FC90}.2021|Any CPU.ActiveCfg = 2021|Any CPU
		{539F798C-442E-4191-B57E-66133D76FC90}.2021|Any CPU.Build.0 = 2021|Any CPU
		{539F798C-442E-4191-B57E-66133D76FC90}.2023|Any CPU.ActiveCfg = 2023|Any CPU
		{539F798C-442E-4191-B57E-66133D76FC90}.2023|Any CPU.Build.0 = 2023|Any CPU
		{539F798C-442E-4191-B57E-66133D76FC90}.Debug|Any CPU.ActiveCfg = Debug|Any CPU
		{539F798C-442E-4191-B57E-66133D76FC90}.Debug|Any CPU.Build.0 = Debug|Any CPU
		{539F798C-442E-4191-B57E-66133D76FC90}.Release|Any CPU.ActiveCfg = Release|Any CPU
		{539F798C-442E-4191-B57E-66133D76FC90}.Release|Any CPU.Build.0 = Release|Any CPU
	EndGlobalSection
	GlobalSection(SolutionProperties) = preSolution
		HideSolutionNode = FALSE
	EndGlobalSection
	GlobalSection(ExtensibilityGlobals) = postSolution
		SolutionGuid = {98927765-53AB-4289-8621-BF0FDB95274A}
	EndGlobalSection
EndGlobal
